
Microsoft Visual Studio Solution File, Format Version 12.00
# Visual Studio 15
VisualStudioVersion = 15.0.27428.2015
MinimumVisualStudioVersion = 10.0.40219.1
Project("{FAE04EC0-301F-11D3-BF4B-00C04F79EFBC}") = "PsJumpCore", "PsJumpCore\PsJumpCore.csproj", "{04462041-D329-4B48-9AFB-655E9FB69FF1}"
EndProject
Global
	GlobalSection(SolutionConfigurationPlatforms) = preSolution
		Debug|Any CPU = Debug|Any CPU
		Release|Any CPU = Release|Any CPU
	EndGlobalSection
	GlobalSection(ProjectConfigurationPlatforms) = postSolution
		{04462041-D329-4B48-9AFB-655E9FB69FF1}.Debug|Any CPU.ActiveCfg = Debug|Any CPU
		{04462041-D329-4B48-9AFB-655E9FB69FF1}.Debug|Any CPU.Build.0 = Debug|Any CPU
		{04462041-D329-4B48-9AFB-655E9FB69FF1}.Release|Any CPU.ActiveCfg = Release|Any CPU
		{04462041-D329-4B48-9AFB-655E9FB69FF1}.Release|Any CPU.Build.0 = Release|Any CPU
	EndGlobalSection
	GlobalSection(SolutionProperties) = preSolution
		HideSolutionNode = FALSE
	EndGlobalSection
	GlobalSection(ExtensibilityGlobals) = postSolution
		SolutionGuid = {9B87E426-782C-4D3C-8FA0-EE985B4DABF8}
	EndGlobalSection
EndGlobal
